
Microsoft Visual Studio Solution File, Format Version 12.00
# Visual Studio Version 16
VisualStudioVersion = 16.0.30517.126
MinimumVisualStudioVersion = 10.0.40219.1
Project("{FAE04EC0-301F-11D3-BF4B-00C04F79EFBC}") = "WPF Styles, Triggers", "WPF Styles, Triggers\WPF Styles, Triggers.csproj", "{885CCC27-DCBD-417E-AAA6-323AC9A87944}"
EndProject
Global
	GlobalSection(SolutionConfigurationPlatforms) = preSolution
		Debug|Any CPU = Debug|Any CPU
		Release|Any CPU = Release|Any CPU
	EndGlobalSection
	GlobalSection(ProjectConfigurationPlatforms) = postSolution
		{885CCC27-DCBD-417E-AAA6-323AC9A87944}.Debug|Any CPU.ActiveCfg = Debug|Any CPU
		{885CCC27-DCBD-417E-AAA6-323AC9A87944}.Debug|Any CPU.Build.0 = Debug|Any CPU
		{885CCC27-DCBD-417E-AAA6-323AC9A87944}.Release|Any CPU.ActiveCfg = Release|Any CPU
		{885CCC27-DCBD-417E-AAA6-323AC9A87944}.Release|Any CPU.Build.0 = Release|Any CPU
	EndGlobalSection
	GlobalSection(SolutionProperties) = preSolution
		HideSolutionNode = FALSE
	EndGlobalSection
	GlobalSection(ExtensibilityGlobals) = postSolution
		SolutionGuid = {835A6316-B1A8-49FD-8A2E-5C78ACB1937B}
	EndGlobalSection
EndGlobal
